
Microsoft Visual Studio Solution File, Format Version 12.00
# Visual Studio Version 17
VisualStudioVersion = 17.4.33205.214
MinimumVisualStudioVersion = 10.0.40219.1
Project("{FAE04EC0-301F-11D3-BF4B-00C04F79EFBC}") = "binarytree_CSharp", "binarytree_CSharp\binarytree_CSharp.csproj", "{C3BE7E8A-DD65-40C2-8ABE-BF1C2EA112E4}"
EndProject
Global
	GlobalSection(SolutionConfigurationPlatforms) = preSolution
		Debug|Any CPU = Debug|Any CPU
		Debug|Win32 = Debug|Win32
		Release|Any CPU = Release|Any CPU
		Release|Win32 = Release|Win32
	EndGlobalSection
	GlobalSection(ProjectConfigurationPlatforms) = postSolution
		{C3BE7E8A-DD65-40C2-8ABE-BF1C2EA112E4}.Debug|Any CPU.ActiveCfg = Debug|Any CPU
		{C3BE7E8A-DD65-40C2-8ABE-BF1C2EA112E4}.Debug|Any CPU.Build.0 = Debug|Any CPU
		{C3BE7E8A-DD65-40C2-8ABE-BF1C2EA112E4}.Debug|Win32.ActiveCfg = Debug|Any CPU
		{C3BE7E8A-DD65-40C2-8ABE-BF1C2EA112E4}.Debug|Win32.Build.0 = Debug|Any CPU
		{C3BE7E8A-DD65-40C2-8ABE-BF1C2EA112E4}.Release|Any CPU.ActiveCfg = Release|Any CPU
		{C3BE7E8A-DD65-40C2-8ABE-BF1C2EA112E4}.Release|Any CPU.Build.0 = Release|Any CPU
		{C3BE7E8A-DD65-40C2-8ABE-BF1C2EA112E4}.Release|Win32.ActiveCfg = Release|Any CPU
		{C3BE7E8A-DD65-40C2-8ABE-BF1C2EA112E4}.Release|Win32.Build.0 = Release|Any CPU
	EndGlobalSection
	GlobalSection(SolutionProperties) = preSolution
		HideSolutionNode = FALSE
	EndGlobalSection
	GlobalSection(ExtensibilityGlobals) = postSolution
		SolutionGuid = {508377F8-138E-4F17-AB06-9ED4FF973F35}
	EndGlobalSection
EndGlobal
