
Microsoft Visual Studio Solution File, Format Version 12.00
# Visual Studio Version 17
VisualStudioVersion = 17.4.33205.214
MinimumVisualStudioVersion = 10.0.40219.1
Project("{FAE04EC0-301F-11D3-BF4B-00C04F79EFBC}") = "SelectionSort", "SelectionSort\SelectionSort.csproj", "{28D3A308-A5B7-4DFE-BECE-8E11BCD706CF}"
EndProject
Global
	GlobalSection(SolutionConfigurationPlatforms) = preSolution
		Debug|Any CPU = Debug|Any CPU
		Release|Any CPU = Release|Any CPU
	EndGlobalSection
	GlobalSection(ProjectConfigurationPlatforms) = postSolution
		{28D3A308-A5B7-4DFE-BECE-8E11BCD706CF}.Debug|Any CPU.ActiveCfg = Debug|Any CPU
		{28D3A308-A5B7-4DFE-BECE-8E11BCD706CF}.Debug|Any CPU.Build.0 = Debug|Any CPU
		{28D3A308-A5B7-4DFE-BECE-8E11BCD706CF}.Release|Any CPU.ActiveCfg = Release|Any CPU
		{28D3A308-A5B7-4DFE-BECE-8E11BCD706CF}.Release|Any CPU.Build.0 = Release|Any CPU
	EndGlobalSection
	GlobalSection(SolutionProperties) = preSolution
		HideSolutionNode = FALSE
	EndGlobalSection
	GlobalSection(ExtensibilityGlobals) = postSolution
		SolutionGuid = {05885AE8-7277-4DEA-9D37-593860A7E864}
	EndGlobalSection
EndGlobal
