
Microsoft Visual Studio Solution File, Format Version 12.00
# Visual Studio Version 17
VisualStudioVersion = 17.4.33205.214
MinimumVisualStudioVersion = 10.0.40219.1
Project("{FAE04EC0-301F-11D3-BF4B-00C04F79EFBC}") = "ArrayReversal", "ArrayReversal\ArrayReversal.csproj", "{8258A2D2-D993-4425-9CFB-3AAA4C415B2F}"
EndProject
Global
	GlobalSection(SolutionConfigurationPlatforms) = preSolution
		Debug|Any CPU = Debug|Any CPU
		Release|Any CPU = Release|Any CPU
	EndGlobalSection
	GlobalSection(ProjectConfigurationPlatforms) = postSolution
		{8258A2D2-D993-4425-9CFB-3AAA4C415B2F}.Debug|Any CPU.ActiveCfg = Debug|Any CPU
		{8258A2D2-D993-4425-9CFB-3AAA4C415B2F}.Debug|Any CPU.Build.0 = Debug|Any CPU
		{8258A2D2-D993-4425-9CFB-3AAA4C415B2F}.Release|Any CPU.ActiveCfg = Release|Any CPU
		{8258A2D2-D993-4425-9CFB-3AAA4C415B2F}.Release|Any CPU.Build.0 = Release|Any CPU
	EndGlobalSection
	GlobalSection(SolutionProperties) = preSolution
		HideSolutionNode = FALSE
	EndGlobalSection
	GlobalSection(ExtensibilityGlobals) = postSolution
		SolutionGuid = {6EF287D1-843C-4A84-8CB4-A586C9A61FA5}
	EndGlobalSection
EndGlobal
