
Microsoft Visual Studio Solution File, Format Version 12.00
# Visual Studio Version 17
VisualStudioVersion = 17.4.33205.214
MinimumVisualStudioVersion = 10.0.40219.1
Project("{FAE04EC0-301F-11D3-BF4B-00C04F79EFBC}") = "BubbleSort", "SortingAlgo\BubbleSort.csproj", "{055249B7-FD52-45C8-A0E7-9FC670E41E5F}"
EndProject
Global
	GlobalSection(SolutionConfigurationPlatforms) = preSolution
		Debug|Any CPU = Debug|Any CPU
		Release|Any CPU = Release|Any CPU
	EndGlobalSection
	GlobalSection(ProjectConfigurationPlatforms) = postSolution
		{055249B7-FD52-45C8-A0E7-9FC670E41E5F}.Debug|Any CPU.ActiveCfg = Debug|Any CPU
		{055249B7-FD52-45C8-A0E7-9FC670E41E5F}.Debug|Any CPU.Build.0 = Debug|Any CPU
		{055249B7-FD52-45C8-A0E7-9FC670E41E5F}.Release|Any CPU.ActiveCfg = Release|Any CPU
		{055249B7-FD52-45C8-A0E7-9FC670E41E5F}.Release|Any CPU.Build.0 = Release|Any CPU
	EndGlobalSection
	GlobalSection(SolutionProperties) = preSolution
		HideSolutionNode = FALSE
	EndGlobalSection
	GlobalSection(ExtensibilityGlobals) = postSolution
		SolutionGuid = {FE33A236-DB28-4A85-9013-236F8941958F}
	EndGlobalSection
EndGlobal
