
Microsoft Visual Studio Solution File, Format Version 12.00
# Visual Studio Version 17
VisualStudioVersion = 17.4.33205.214
MinimumVisualStudioVersion = 10.0.40219.1
Project("{FAE04EC0-301F-11D3-BF4B-00C04F79EFBC}") = "Reverse_Practise", "Reverse_Practise\Reverse_Practise.csproj", "{130B5CD3-141B-491C-89C7-078B86533D66}"
EndProject
Global
	GlobalSection(SolutionConfigurationPlatforms) = preSolution
		Debug|Any CPU = Debug|Any CPU
		Release|Any CPU = Release|Any CPU
	EndGlobalSection
	GlobalSection(ProjectConfigurationPlatforms) = postSolution
		{130B5CD3-141B-491C-89C7-078B86533D66}.Debug|Any CPU.ActiveCfg = Debug|Any CPU
		{130B5CD3-141B-491C-89C7-078B86533D66}.Debug|Any CPU.Build.0 = Debug|Any CPU
		{130B5CD3-141B-491C-89C7-078B86533D66}.Release|Any CPU.ActiveCfg = Release|Any CPU
		{130B5CD3-141B-491C-89C7-078B86533D66}.Release|Any CPU.Build.0 = Release|Any CPU
	EndGlobalSection
	GlobalSection(SolutionProperties) = preSolution
		HideSolutionNode = FALSE
	EndGlobalSection
	GlobalSection(ExtensibilityGlobals) = postSolution
		SolutionGuid = {8295D194-60B0-4B97-8511-040E6F395FF6}
	EndGlobalSection
EndGlobal
